
Microsoft Visual Studio Solution File, Format Version 12.00
# Visual Studio 15
VisualStudioVersion = 15.0.26730.15
MinimumVisualStudioVersion = 10.0.40219.1
Project("{888888A0-9F3D-457C-B088-3A5042F75D52}") = "NeuralNetworkMath", "NeuralNetworkMath\NeuralNetworkMath.pyproj", "{DF301673-00E2-4626-8D0B-C468FDC1A131}"
EndProject
Global
	GlobalSection(SolutionConfigurationPlatforms) = preSolution
		Debug|Any CPU = Debug|Any CPU
		Release|Any CPU = Release|Any CPU
	EndGlobalSection
	GlobalSection(ProjectConfigurationPlatforms) = postSolution
		{DF301673-00E2-4626-8D0B-C468FDC1A131}.Debug|Any CPU.ActiveCfg = Debug|Any CPU
		{DF301673-00E2-4626-8D0B-C468FDC1A131}.Release|Any CPU.ActiveCfg = Release|Any CPU
	EndGlobalSection
	GlobalSection(SolutionProperties) = preSolution
		HideSolutionNode = FALSE
	EndGlobalSection
	GlobalSection(ExtensibilityGlobals) = postSolution
		SolutionGuid = {7B4F0EBE-36F7-4397-AF84-B81AE2FBE22E}
	EndGlobalSection
EndGlobal
